Microsoft Visual Studio Solution File, Format Version 12.00
# Visual Studio 15
VisualStudioVersion = 15.0.27130.2024
MinimumVisualStudioVersion = 10.0.40219.1
Project("{9A19103F-16F7-4668-BE54-9A1E7A4F7556}") = "GitVersionExe", "GitVersionExe\GitVersionExe.csproj", "{C3578A7B-09A6-4444-9383-0DEAFA4958BD}"
EndProject
Project("{9A19103F-16F7-4668-BE54-9A1E7A4F7556}") = "GitVersionTask.Tests", "GitVersionTask.Tests\GitVersionTask.Tests.csproj", "{5A86453B-96FB-4B6E-A283-225BB9F753D3}"
EndProject
Project("{9A19103F-16F7-4668-BE54-9A1E7A4F7556}") = "GitVersionCore.Tests", "GitVersionCore.Tests\GitVersionCore.Tests.csproj", "{BF905F84-382C-440D-92F5-C61108626D8D}"
EndProject
Project("{2150E333-8FDC-42A3-9474-1A3956D46DE8}") = "Solution Items", "Solution Items", "{3EFFC5D6-88D0-49D9-BB53-E1B7EB49DD45}"
	ProjectSection(SolutionItems) = preProject
		..\.gitattributes = ..\.gitattributes
		..\.gitignore = ..\.gitignore
		..\.travis.yml = ..\.travis.yml
		..\appveyor.yml = ..\appveyor.yml
		..\azure-pipelines.yml = ..\azure-pipelines.yml
		..\BREAKING CHANGES.md = ..\BREAKING CHANGES.md
		..\build.cake = ..\build.cake
		..\build.ps1 = ..\build.ps1
		..\CONTRIBUTING.md = ..\CONTRIBUTING.md
		Directory.Build.props = Directory.Build.props
		..\GitVersion.yml = ..\GitVersion.yml
		..\LICENSE = ..\LICENSE
		..\mkdocs.yml = ..\mkdocs.yml
		..\README.md = ..\README.md
	EndProjectSection
EndProject
Project("{9A19103F-16F7-4668-BE54-9A1E7A4F7556}") = "GitVersionCore", "GitVersionCore\GitVersionCore.csproj", "{F9741A0D-B9D7-4557-9A1C-A7252C1071F5}"
EndProject
Project("{9A19103F-16F7-4668-BE54-9A1E7A4F7556}") = "GitVersionExe.Tests", "GitVersionExe.Tests\GitVersionExe.Tests.csproj", "{75C2BE85-1DAF-4E34-8305-B17AFAA982A6}"
EndProject
Project("{9A19103F-16F7-4668-BE54-9A1E7A4F7556}") = "GitVersionTask", "GitVersionTask\GitVersionTask.csproj", "{F7AC0E71-3E9A-4F6D-B986-E004825A48E1}"
EndProject
Project("{9A19103F-16F7-4668-BE54-9A1E7A4F7556}") = "GitVersion.Tool", "GitVersionExe\GitVersion.Tool.csproj", "{929263FD-5CD2-42E1-BF3D-E0C1B0320DA4}"
EndProject
Project("{2150E333-8FDC-42A3-9474-1A3956D46DE8}") = "docker", "docker", "{E13041A1-70D2-4474-AB8C-87ACE9410DD9}"
	ProjectSection(SolutionItems) = preProject
		Docker\Readme.md = Docker\Readme.md
	EndProjectSection
EndProject
Project("{2150E333-8FDC-42A3-9474-1A3956D46DE8}") = "linux", "linux", "{3E72E4A8-B979-4D76-8F4B-F0318C4337D0}"
EndProject
Project("{2150E333-8FDC-42A3-9474-1A3956D46DE8}") = "windows", "windows", "{942A9D37-53AD-4F3C-8141-03EC5F48BADA}"
EndProject
Project("{2150E333-8FDC-42A3-9474-1A3956D46DE8}") = "dotnetcore", "dotnetcore", "{F910CAFC-A81D-4F2A-AE66-F3FAF4DA4291}"
	ProjectSection(SolutionItems) = preProject
		Docker\linux\dotnetcore\Dockerfile = Docker\linux\dotnetcore\Dockerfile
	EndProjectSection
EndProject
Project("{2150E333-8FDC-42A3-9474-1A3956D46DE8}") = "fullfx", "fullfx", "{D82A526A-C5E6-4039-A904-A8F66472DDC6}"
	ProjectSection(SolutionItems) = preProject
		Docker\linux\fullfx\Dockerfile = Docker\linux\fullfx\Dockerfile
	EndProjectSection
EndProject
Project("{2150E333-8FDC-42A3-9474-1A3956D46DE8}") = "dotnetcore", "dotnetcore", "{D52A3B57-C914-4B28-90C8-53B6F1664C61}"
	ProjectSection(SolutionItems) = preProject
		Docker\windows\dotnetcore\Dockerfile = Docker\windows\dotnetcore\Dockerfile
	EndProjectSection
EndProject
Project("{2150E333-8FDC-42A3-9474-1A3956D46DE8}") = "fullfx", "fullfx", "{61529CF9-DC9E-4BEC-88EC-C111E90D0D95}"
	ProjectSection(SolutionItems) = preProject
		Docker\windows\fullfx\Dockerfile = Docker\windows\fullfx\Dockerfile
	EndProjectSection
EndProject
Global
	GlobalSection(SolutionConfigurationPlatforms) = preSolution
		Debug|Any CPU = Debug|Any CPU
		Release|Any CPU = Release|Any CPU
	EndGlobalSection
	GlobalSection(ProjectConfigurationPlatforms) = postSolution
		{C3578A7B-09A6-4444-9383-0DEAFA4958BD}.Debug|Any CPU.ActiveCfg = Debug|Any CPU
		{C3578A7B-09A6-4444-9383-0DEAFA4958BD}.Debug|Any CPU.Build.0 = Debug|Any CPU
		{C3578A7B-09A6-4444-9383-0DEAFA4958BD}.Release|Any CPU.ActiveCfg = Release|Any CPU
		{C3578A7B-09A6-4444-9383-0DEAFA4958BD}.Release|Any CPU.Build.0 = Release|Any CPU
		{5A86453B-96FB-4B6E-A283-225BB9F753D3}.Debug|Any CPU.ActiveCfg = Debug|Any CPU
		{5A86453B-96FB-4B6E-A283-225BB9F753D3}.Debug|Any CPU.Build.0 = Debug|Any CPU
		{5A86453B-96FB-4B6E-A283-225BB9F753D3}.Release|Any CPU.ActiveCfg = Release|Any CPU
		{5A86453B-96FB-4B6E-A283-225BB9F753D3}.Release|Any CPU.Build.0 = Release|Any CPU
		{BF905F84-382C-440D-92F5-C61108626D8D}.Debug|Any CPU.ActiveCfg = Debug|Any CPU
		{BF905F84-382C-440D-92F5-C61108626D8D}.Debug|Any CPU.Build.0 = Debug|Any CPU
		{BF905F84-382C-440D-92F5-C61108626D8D}.Release|Any CPU.ActiveCfg = Release|Any CPU
		{BF905F84-382C-440D-92F5-C61108626D8D}.Release|Any CPU.Build.0 = Release|Any CPU
		{F9741A0D-B9D7-4557-9A1C-A7252C1071F5}.Debug|Any CPU.ActiveCfg = Debug|Any CPU
		{F9741A0D-B9D7-4557-9A1C-A7252C1071F5}.Debug|Any CPU.Build.0 = Debug|Any CPU
		{F9741A0D-B9D7-4557-9A1C-A7252C1071F5}.Release|Any CPU.ActiveCfg = Release|Any CPU
		{F9741A0D-B9D7-4557-9A1C-A7252C1071F5}.Release|Any CPU.Build.0 = Release|Any CPU
		{75C2BE85-1DAF-4E34-8305-B17AFAA982A6}.Debug|Any CPU.ActiveCfg = Debug|Any CPU
		{75C2BE85-1DAF-4E34-8305-B17AFAA982A6}.Debug|Any CPU.Build.0 = Debug|Any CPU
		{75C2BE85-1DAF-4E34-8305-B17AFAA982A6}.Release|Any CPU.ActiveCfg = Release|Any CPU
		{75C2BE85-1DAF-4E34-8305-B17AFAA982A6}.Release|Any CPU.Build.0 = Release|Any CPU
		{F7AC0E71-3E9A-4F6D-B986-E004825A48E1}.Debug|Any CPU.ActiveCfg = Debug|Any CPU
		{F7AC0E71-3E9A-4F6D-B986-E004825A48E1}.Debug|Any CPU.Build.0 = Debug|Any CPU
		{F7AC0E71-3E9A-4F6D-B986-E004825A48E1}.Release|Any CPU.ActiveCfg = Release|Any CPU
		{F7AC0E71-3E9A-4F6D-B986-E004825A48E1}.Release|Any CPU.Build.0 = Release|Any CPU
		{929263FD-5CD2-42E1-BF3D-E0C1B0320DA4}.Debug|Any CPU.ActiveCfg = Debug|Any CPU
		{929263FD-5CD2-42E1-BF3D-E0C1B0320DA4}.Debug|Any CPU.Build.0 = Debug|Any CPU
		{929263FD-5CD2-42E1-BF3D-E0C1B0320DA4}.Release|Any CPU.ActiveCfg = Release|Any CPU
		{929263FD-5CD2-42E1-BF3D-E0C1B0320DA4}.Release|Any CPU.Build.0 = Release|Any CPU
	EndGlobalSection
	GlobalSection(SolutionProperties) = preSolution
		HideSolutionNode = FALSE
	EndGlobalSection
	GlobalSection(NestedProjects) = preSolution
		{3E72E4A8-B979-4D76-8F4B-F0318C4337D0} = {E13041A1-70D2-4474-AB8C-87ACE9410DD9}
		{942A9D37-53AD-4F3C-8141-03EC5F48BADA} = {E13041A1-70D2-4474-AB8C-87ACE9410DD9}
		{F910CAFC-A81D-4F2A-AE66-F3FAF4DA4291} = {3E72E4A8-B979-4D76-8F4B-F0318C4337D0}
		{D82A526A-C5E6-4039-A904-A8F66472DDC6} = {3E72E4A8-B979-4D76-8F4B-F0318C4337D0}
		{D52A3B57-C914-4B28-90C8-53B6F1664C61} = {942A9D37-53AD-4F3C-8141-03EC5F48BADA}
		{61529CF9-DC9E-4BEC-88EC-C111E90D0D95} = {942A9D37-53AD-4F3C-8141-03EC5F48BADA}
	EndGlobalSection
	GlobalSection(ExtensibilityGlobals) = postSolution
		SolutionGuid = {0C1C310E-7A4D-4032-878B-6DC375894C49}
	EndGlobalSection
EndGlobal
