Microsoft Visual Studio Solution File, Format Version 12.00
# Visual Studio Version 16
VisualStudioVersion = 16.0.28714.193
MinimumVisualStudioVersion = 10.0.40219.1
Project("{9A19103F-16F7-4668-BE54-9A1E7A4F7556}") = "GitVersion.App", "GitVersion.App\GitVersion.App.csproj", "{C3578A7B-09A6-4444-9383-0DEAFA4958BD}"
EndProject
Project("{9A19103F-16F7-4668-BE54-9A1E7A4F7556}") = "GitVersion.Core.Tests", "GitVersion.Core.Tests\GitVersion.Core.Tests.csproj", "{BF905F84-382C-440D-92F5-C61108626D8D}"
EndProject
Project("{2150E333-8FDC-42A3-9474-1A3956D46DE8}") = "Solution Items", "Solution Items", "{3EFFC5D6-88D0-49D9-BB53-E1B7EB49DD45}"
	ProjectSection(SolutionItems) = preProject
		..\.editorconfig = ..\.editorconfig
		..\.gitattributes = ..\.gitattributes
		..\.gitignore = ..\.gitignore
		..\appveyor.yml = ..\appveyor.yml
		..\azure-pipelines.yml = ..\azure-pipelines.yml
		..\BREAKING CHANGES.md = ..\BREAKING CHANGES.md
		..\build.cake = ..\build.cake
		..\build.ps1 = ..\build.ps1
		..\CONTRIBUTING.md = ..\CONTRIBUTING.md
		Directory.Build.props = Directory.Build.props
		..\GitVersion.yml = ..\GitVersion.yml
		..\LICENSE = ..\LICENSE
		..\README.md = ..\README.md
	EndProjectSection
EndProject
Project("{9A19103F-16F7-4668-BE54-9A1E7A4F7556}") = "GitVersion.Core", "GitVersion.Core\GitVersion.Core.csproj", "{F9741A0D-B9D7-4557-9A1C-A7252C1071F5}"
EndProject
Project("{9A19103F-16F7-4668-BE54-9A1E7A4F7556}") = "GitVersion.App.Tests", "GitVersion.App.Tests\GitVersion.App.Tests.csproj", "{75C2BE85-1DAF-4E34-8305-B17AFAA982A6}"
EndProject
Project("{9A19103F-16F7-4668-BE54-9A1E7A4F7556}") = "GitVersion.MsBuild", "GitVersion.MsBuild\GitVersion.MsBuild.csproj", "{20D61ED7-B5BA-42CD-A05A-85EA1EEA2E2F}"
EndProject
Project("{9A19103F-16F7-4668-BE54-9A1E7A4F7556}") = "GitVersion.MsBuild.Tests", "GitVersion.MsBuild.Tests\GitVersion.MsBuild.Tests.csproj", "{B35EF742-95D4-4E6A-B782-BE1C3E5CF9AE}"
EndProject
Project("{9A19103F-16F7-4668-BE54-9A1E7A4F7556}") = "GitTools.Testing", "GitTools.Testing\GitTools.Testing.csproj", "{6138640B-5C05-4070-BE32-6B17BEFDF63C}"
EndProject
Project("{9A19103F-16F7-4668-BE54-9A1E7A4F7556}") = "GitVersion.LibGit2Sharp", "GitVersion.LibGit2Sharp\GitVersion.LibGit2Sharp.csproj", "{093AFCF2-68F4-49B1-8173-7CB88467E783}"
EndProject
Global
	GlobalSection(SolutionConfigurationPlatforms) = preSolution
		Debug|Any CPU = Debug|Any CPU
		Release|Any CPU = Release|Any CPU
	EndGlobalSection
	GlobalSection(ProjectConfigurationPlatforms) = postSolution
		{C3578A7B-09A6-4444-9383-0DEAFA4958BD}.Debug|Any CPU.ActiveCfg = Debug|Any CPU
		{C3578A7B-09A6-4444-9383-0DEAFA4958BD}.Debug|Any CPU.Build.0 = Debug|Any CPU
		{C3578A7B-09A6-4444-9383-0DEAFA4958BD}.Release|Any CPU.ActiveCfg = Release|Any CPU
		{C3578A7B-09A6-4444-9383-0DEAFA4958BD}.Release|Any CPU.Build.0 = Release|Any CPU
		{BF905F84-382C-440D-92F5-C61108626D8D}.Debug|Any CPU.ActiveCfg = Debug|Any CPU
		{BF905F84-382C-440D-92F5-C61108626D8D}.Debug|Any CPU.Build.0 = Debug|Any CPU
		{BF905F84-382C-440D-92F5-C61108626D8D}.Release|Any CPU.ActiveCfg = Release|Any CPU
		{BF905F84-382C-440D-92F5-C61108626D8D}.Release|Any CPU.Build.0 = Release|Any CPU
		{F9741A0D-B9D7-4557-9A1C-A7252C1071F5}.Debug|Any CPU.ActiveCfg = Debug|Any CPU
		{F9741A0D-B9D7-4557-9A1C-A7252C1071F5}.Debug|Any CPU.Build.0 = Debug|Any CPU
		{F9741A0D-B9D7-4557-9A1C-A7252C1071F5}.Release|Any CPU.ActiveCfg = Release|Any CPU
		{F9741A0D-B9D7-4557-9A1C-A7252C1071F5}.Release|Any CPU.Build.0 = Release|Any CPU
		{75C2BE85-1DAF-4E34-8305-B17AFAA982A6}.Debug|Any CPU.ActiveCfg = Debug|Any CPU
		{75C2BE85-1DAF-4E34-8305-B17AFAA982A6}.Debug|Any CPU.Build.0 = Debug|Any CPU
		{75C2BE85-1DAF-4E34-8305-B17AFAA982A6}.Release|Any CPU.ActiveCfg = Release|Any CPU
		{75C2BE85-1DAF-4E34-8305-B17AFAA982A6}.Release|Any CPU.Build.0 = Release|Any CPU
		{20D61ED7-B5BA-42CD-A05A-85EA1EEA2E2F}.Debug|Any CPU.ActiveCfg = Debug|Any CPU
		{20D61ED7-B5BA-42CD-A05A-85EA1EEA2E2F}.Debug|Any CPU.Build.0 = Debug|Any CPU
		{20D61ED7-B5BA-42CD-A05A-85EA1EEA2E2F}.Release|Any CPU.ActiveCfg = Release|Any CPU
		{20D61ED7-B5BA-42CD-A05A-85EA1EEA2E2F}.Release|Any CPU.Build.0 = Release|Any CPU
		{B35EF742-95D4-4E6A-B782-BE1C3E5CF9AE}.Debug|Any CPU.ActiveCfg = Debug|Any CPU
		{B35EF742-95D4-4E6A-B782-BE1C3E5CF9AE}.Debug|Any CPU.Build.0 = Debug|Any CPU
		{B35EF742-95D4-4E6A-B782-BE1C3E5CF9AE}.Release|Any CPU.ActiveCfg = Release|Any CPU
		{B35EF742-95D4-4E6A-B782-BE1C3E5CF9AE}.Release|Any CPU.Build.0 = Release|Any CPU
		{6138640B-5C05-4070-BE32-6B17BEFDF63C}.Debug|Any CPU.ActiveCfg = Debug|Any CPU
		{6138640B-5C05-4070-BE32-6B17BEFDF63C}.Debug|Any CPU.Build.0 = Debug|Any CPU
		{6138640B-5C05-4070-BE32-6B17BEFDF63C}.Release|Any CPU.ActiveCfg = Release|Any CPU
		{6138640B-5C05-4070-BE32-6B17BEFDF63C}.Release|Any CPU.Build.0 = Release|Any CPU
		{093AFCF2-68F4-49B1-8173-7CB88467E783}.Debug|Any CPU.ActiveCfg = Debug|Any CPU
		{093AFCF2-68F4-49B1-8173-7CB88467E783}.Debug|Any CPU.Build.0 = Debug|Any CPU
		{093AFCF2-68F4-49B1-8173-7CB88467E783}.Release|Any CPU.ActiveCfg = Release|Any CPU
		{093AFCF2-68F4-49B1-8173-7CB88467E783}.Release|Any CPU.Build.0 = Release|Any CPU
	EndGlobalSection
	GlobalSection(SolutionProperties) = preSolution
		HideSolutionNode = FALSE
	EndGlobalSection
	GlobalSection(ExtensibilityGlobals) = postSolution
		SolutionGuid = {0C1C310E-7A4D-4032-878B-6DC375894C49}
	EndGlobalSection
EndGlobal
